// !$*UTF8*$!
{
	archiveVersion = 1;
	classes = {
	};
	objectVersion = 50;
	objects = {

/* Begin PBXBuildFile section */
		FB6A225120BC44F700DD97FD /* AppDelegate.swift in Sources */ = {isa = PBXBuildFile; fileRef = FB6A225020BC44F700DD97FD /* AppDelegate.swift */; };
		FB6A225620BC44F700DD97FD /* Main.storyboard in Resources */ = {isa = PBXBuildFile; fileRef = FB6A225420BC44F700DD97FD /* Main.storyboard */; };
		FB6A225920BC44F700DD97FD /* Project2_HamHyeJin.xcdatamodeld in Sources */ = {isa = PBXBuildFile; fileRef = FB6A225720BC44F700DD97FD /* Project2_HamHyeJin.xcdatamodeld */; };
		FB6A225B20BC44F800DD97FD /* Assets.xcassets in Resources */ = {isa = PBXBuildFile; fileRef = FB6A225A20BC44F800DD97FD /* Assets.xcassets */; };
		FB6A225E20BC44F800DD97FD /* LaunchScreen.storyboard in Resources */ = {isa = PBXBuildFile; fileRef = FB6A225C20BC44F800DD97FD /* LaunchScreen.storyboard */; };
		FB6A226620BC45A000DD97FD /* ProjectCreateViewController.swift in Sources */ = {isa = PBXBuildFile; fileRef = FB6A226520BC45A000DD97FD /* ProjectCreateViewController.swift */; };
		FB6A226820BC45B700DD97FD /* RootTableViewController.swift in Sources */ = {isa = PBXBuildFile; fileRef = FB6A226720BC45B700DD97FD /* RootTableViewController.swift */; };
		FB6A226A20BC58DD00DD97FD /* DetailViewController.swift in Sources */ = {isa = PBXBuildFile; fileRef = FB6A226920BC58DD00DD97FD /* DetailViewController.swift */; };
		FB6A226C20BC6D8900DD97FD /* ShotTableViewController.swift in Sources */ = {isa = PBXBuildFile; fileRef = FB6A226B20BC6D8900DD97FD /* ShotTableViewController.swift */; };
		FB6A226E20BC6DB500DD97FD /* ShotCreateViewController.swift in Sources */ = {isa = PBXBuildFile; fileRef = FB6A226D20BC6DB500DD97FD /* ShotCreateViewController.swift */; };
		FB6A227220BC728800DD97FD /* DetailSeeViewController.swift in Sources */ = {isa = PBXBuildFile; fileRef = FB6A227120BC728800DD97FD /* DetailSeeViewController.swift */; };
/* End PBXBuildFile section */

/* Begin PBXFileReference section */
		FB6A224D20BC44F700DD97FD /* Project2_HamHyeJin.app */ = {isa = PBXFileReference; explicitFileType = wrapper.application; includeInIndex = 0; path = Project2_HamHyeJin.app; sourceTree = BUILT_PRODUCTS_DIR; };
		FB6A225020BC44F700DD97FD /* AppDelegate.swift */ = {isa = PBXFileReference; lastKnownFileType = sourcecode.swift; path = AppDelegate.swift; sourceTree = "<group>"; };
		FB6A225520BC44F700DD97FD /* Base */ = {isa = PBXFileReference; lastKnownFileType = file.storyboard; name = Base; path = Base.lproj/Main.storyboard; sourceTree = "<group>"; };
		FB6A225820BC44F700DD97FD /* Project2_HamHyeJin.xcdatamodel */ = {isa = PBXFileReference; lastKnownFileType = wrapper.xcdatamodel; path = Project2_HamHyeJin.xcdatamodel; sourceTree = "<group>"; };
		FB6A225A20BC44F800DD97FD /* Assets.xcassets */ = {isa = PBXFileReference; lastKnownFileType = folder.assetcatalog; path = Assets.xcassets; sourceTree = "<group>"; };
		FB6A225D20BC44F800DD97FD /* Base */ = {isa = PBXFileReference; lastKnownFileType = file.storyboard; name = Base; path = Base.lproj/LaunchScreen.storyboard; sourceTree = "<group>"; };
		FB6A225F20BC44F800DD97FD /* Info.plist */ = {isa = PBXFileReference; lastKnownFileType = text.plist.xml; path = Info.plist; sourceTree = "<group>"; };
		FB6A226520BC45A000DD97FD /* ProjectCreateViewController.swift */ = {isa = PBXFileReference; lastKnownFileType = sourcecode.swift; path = ProjectCreateViewController.swift; sourceTree = "<group>"; };
		FB6A226720BC45B700DD97FD /* RootTableViewController.swift */ = {isa = PBXFileReference; lastKnownFileType = sourcecode.swift; path = RootTableViewController.swift; sourceTree = "<group>"; };
		FB6A226920BC58DD00DD97FD /* DetailViewController.swift */ = {isa = PBXFileReference; lastKnownFileType = sourcecode.swift; path = DetailViewController.swift; sourceTree = "<group>"; };
		FB6A226B20BC6D8900DD97FD /* ShotTableViewController.swift */ = {isa = PBXFileReference; lastKnownFileType = sourcecode.swift; path = ShotTableViewController.swift; sourceTree = "<group>"; };
		FB6A226D20BC6DB500DD97FD /* ShotCreateViewController.swift */ = {isa = PBXFileReference; lastKnownFileType = sourcecode.swift; path = ShotCreateViewController.swift; sourceTree = "<group>"; };
		FB6A227120BC728800DD97FD /* DetailSeeViewController.swift */ = {isa = PBXFileReference; lastKnownFileType = sourcecode.swift; path = DetailSeeViewController.swift; sourceTree = "<group>"; };
/* End PBXFileReference section */

/* Begin PBXFrameworksBuildPhase section */
		FB6A224A20BC44F700DD97FD /* Frameworks */ = {
			isa = PBXFrameworksBuildPhase;
			buildActionMask = 2147483647;
			files = (
			);
			runOnlyForDeploymentPostprocessing = 0;
		};
/* End PBXFrameworksBuildPhase section */

/* Begin PBXGroup section */
		FB6A224420BC44F700DD97FD = {
			isa = PBXGroup;
			children = (
				FB6A224F20BC44F700DD97FD /* Project2_HamHyeJin */,
				FB6A224E20BC44F700DD97FD /* Products */,
			);
			sourceTree = "<group>";
		};
		FB6A224E20BC44F700DD97FD /* Products */ = {
			isa = PBXGroup;
			children = (
				FB6A224D20BC44F700DD97FD /* Project2_HamHyeJin.app */,
			);
			name = Products;
			sourceTree = "<group>";
		};
		FB6A224F20BC44F700DD97FD /* Project2_HamHyeJin */ = {
			isa = PBXGroup;
			children = (
				FB6A225020BC44F700DD97FD /* AppDelegate.swift */,
				FB6A226920BC58DD00DD97FD /* DetailViewController.swift */,
				FB6A227120BC728800DD97FD /* DetailSeeViewController.swift */,
				FB6A226520BC45A000DD97FD /* ProjectCreateViewController.swift */,
				FB6A226D20BC6DB500DD97FD /* ShotCreateViewController.swift */,
				FB6A226B20BC6D8900DD97FD /* ShotTableViewController.swift */,
				FB6A226720BC45B700DD97FD /* RootTableViewController.swift */,
				FB6A225420BC44F700DD97FD /* Main.storyboard */,
				FB6A225A20BC44F800DD97FD /* Assets.xcassets */,
				FB6A225C20BC44F800DD97FD /* LaunchScreen.storyboard */,
				FB6A225F20BC44F800DD97FD /* Info.plist */,
				FB6A225720BC44F700DD97FD /* Project2_HamHyeJin.xcdatamodeld */,
			);
			path = Project2_HamHyeJin;
			sourceTree = "<group>";
		};
/* End PBXGroup section */

/* Begin PBXNativeTarget section */
		FB6A224C20BC44F700DD97FD /* Project2_HamHyeJin */ = {
			isa = PBXNativeTarget;
			buildConfigurationList = FB6A226220BC44F800DD97FD /* Build configuration list for PBXNativeTarget "Project2_HamHyeJin" */;
			buildPhases = (
				FB6A224920BC44F700DD97FD /* Sources */,
				FB6A224A20BC44F700DD97FD /* Frameworks */,
				FB6A224B20BC44F700DD97FD /* Resources */,
			);
			buildRules = (
			);
			dependencies = (
			);
			name = Project2_HamHyeJin;
			productName = Project2_HamHyeJin;
			productReference = FB6A224D20BC44F700DD97FD /* Project2_HamHyeJin.app */;
			productType = "com.apple.product-type.application";
		};
/* End PBXNativeTarget section */

/* Begin PBXProject section */
		FB6A224520BC44F700DD97FD /* Project object */ = {
			isa = PBXProject;
			attributes = {
				LastSwiftUpdateCheck = 0930;
				LastUpgradeCheck = 0930;
				ORGANIZATIONNAME = "Computer Science";
				TargetAttributes = {
					FB6A224C20BC44F700DD97FD = {
						CreatedOnToolsVersion = 9.3;
					};
				};
			};
			buildConfigurationList = FB6A224820BC44F700DD97FD /* Build configuration list for PBXProject "Project2_HamHyeJin" */;
			compatibilityVersion = "Xcode 9.3";
			developmentRegion = en;
			hasScannedForEncodings = 0;
			knownRegions = (
				en,
				Base,
			);
			mainGroup = FB6A224420BC44F700DD97FD;
			productRefGroup = FB6A224E20BC44F700DD97FD /* Products */;
			projectDirPath = "";
			projectRoot = "";
			targets = (
				FB6A224C20BC44F700DD97FD /* Project2_HamHyeJin */,
			);
		};
/* End PBXProject section */

/* Begin PBXResourcesBuildPhase section */
		FB6A224B20BC44F700DD97FD /* Resources */ = {
			isa = PBXResourcesBuildPhase;
			buildActionMask = 2147483647;
			files = (
				FB6A225E20BC44F800DD97FD /* LaunchScreen.storyboard in Resources */,
				FB6A225B20BC44F800DD97FD /* Assets.xcassets in Resources */,
				FB6A225620BC44F700DD97FD /* Main.storyboard in Resources */,
			);
			runOnlyForDeploymentPostprocessing = 0;
		};
/* End PBXResourcesBuildPhase section */

/* Begin PBXSourcesBuildPhase section */
		FB6A224920BC44F700DD97FD /* Sources */ = {
			isa = PBXSourcesBuildPhase;
			buildActionMask = 2147483647;
			files = (
				FB6A225920BC44F700DD97FD /* Project2_HamHyeJin.xcdatamodeld in Sources */,
				FB6A225120BC44F700DD97FD /* AppDelegate.swift in Sources */,
				FB6A226A20BC58DD00DD97FD /* DetailViewController.swift in Sources */,
				FB6A226C20BC6D8900DD97FD /* ShotTableViewController.swift in Sources */,
				FB6A226620BC45A000DD97FD /* ProjectCreateViewController.swift in Sources */,
				FB6A226820BC45B700DD97FD /* RootTableViewController.swift in Sources */,
				FB6A226E20BC6DB500DD97FD /* ShotCreateViewController.swift in Sources */,
				FB6A227220BC728800DD97FD /* DetailSeeViewController.swift in Sources */,
			);
			runOnlyForDeploymentPostprocessing = 0;
		};
/* End PBXSourcesBuildPhase section */

/* Begin PBXVariantGroup section */
		FB6A225420BC44F700DD97FD /* Main.storyboard */ = {
			isa = PBXVariantGroup;
			children = (
				FB6A225520BC44F700DD97FD /* Base */,
			);
			name = Main.storyboard;
			sourceTree = "<group>";
		};
		FB6A225C20BC44F800DD97FD /* LaunchScreen.storyboard */ = {
			isa = PBXVariantGroup;
			children = (
				FB6A225D20BC44F800DD97FD /* Base */,
			);
			name = LaunchScreen.storyboard;
			sourceTree = "<group>";
		};
/* End PBXVariantGroup section */

/* Begin XCBuildConfiguration section */
		FB6A226020BC44F800DD97FD /* Debug */ = {
			isa = XCBuildConfiguration;
			buildSettings = {
				ALWAYS_SEARCH_USER_PATHS = NO;
				CLANG_ANALYZER_NONNULL = YES;
				CLANG_ANALYZER_NUMBER_OBJECT_CONVERSION = YES_AGGRESSIVE;
				CLANG_CXX_LANGUAGE_STANDARD = "gnu++14";
				CLANG_CXX_LIBRARY = "libc++";
				CLANG_ENABLE_MODULES = YES;
				CLANG_ENABLE_OBJC_ARC = YES;
				CLANG_ENABLE_OBJC_WEAK = YES;
				CLANG_WARN_BLOCK_CAPTURE_AUTORELEASING = YES;
				CLANG_WARN_BOOL_CONVERSION = YES;
				CLANG_WARN_COMMA = YES;
				CLANG_WARN_CONSTANT_CONVERSION = YES;
				CLANG_WARN_DEPRECATED_OBJC_IMPLEMENTATIONS = YES;
				CLANG_WARN_DIRECT_OBJC_ISA_USAGE = YES_ERROR;
				CLANG_WARN_DOCUMENTATION_COMMENTS = YES;
				CLANG_WARN_EMPTY_BODY = YES;
				CLANG_WARN_ENUM_CONVERSION = YES;
				CLANG_WARN_INFINITE_RECURSION = YES;
				CLANG_WARN_INT_CONVERSION = YES;
				CLANG_WARN_NON_LITERAL_NULL_CONVERSION = YES;
				CLANG_WARN_OBJC_IMPLICIT_RETAIN_SELF = YES;
				CLANG_WARN_OBJC_LITERAL_CONVERSION = YES;
				CLANG_WARN_OBJC_ROOT_CLASS = YES_ERROR;
				CLANG_WARN_RANGE_LOOP_ANALYSIS = YES;
				CLANG_WARN_STRICT_PROTOTYPES = YES;
				CLANG_WARN_SUSPICIOUS_MOVE = YES;
				CLANG_WARN_UNGUARDED_AVAILABILITY = YES_AGGRESSIVE;
				CLANG_WARN_UNREACHABLE_CODE = YES;
				CLANG_WARN__DUPLICATE_METHOD_MATCH = YES;
				CODE_SIGN_IDENTITY = "iPhone Developer";
				COPY_PHASE_STRIP = NO;
				DEBUG_INFORMATION_FORMAT = dwarf;
				ENABLE_STRICT_OBJC_MSGSEND = YES;
				ENABLE_TESTABILITY = YES;
				GCC_C_LANGUAGE_STANDARD = gnu11;
				GCC_DYNAMIC_NO_PIC = NO;
				GCC_NO_COMMON_BLOCKS = YES;
				GCC_OPTIMIZATION_LEVEL = 0;
				GCC_PREPROCESSOR_DEFINITIONS = (
					"DEBUG=1",
					"$(inherited)",
				);
				GCC_WARN_64_TO_32_BIT_CONVERSION = YES;
				GCC_WARN_ABOUT_RETURN_TYPE = YES_ERROR;
				GCC_WARN_UNDECLARED_SELECTOR = YES;
				GCC_WARN_UNINITIALIZED_AUTOS = YES_AGGRESSIVE;
				GCC_WARN_UNUSED_FUNCTION = YES;
				GCC_WARN_UNUSED_VARIABLE = YES;
				IPHONEOS_DEPLOYMENT_TARGET = 11.3;
				MTL_ENABLE_DEBUG_INFO = YES;
				ONLY_ACTIVE_ARCH = YES;
				SDKROOT = iphoneos;
				SWIFT_ACTIVE_COMPILATION_CONDITIONS = DEBUG;
				SWIFT_OPTIMIZATION_LEVEL = "-Onone";
			};
			name = Debug;
		};
		FB6A226120BC44F800DD97FD /* Release */ = {
			isa = XCBuildConfiguration;
			buildSettings = {
				ALWAYS_SEARCH_USER_PATHS = NO;
				CLANG_ANALYZER_NONNULL = YES;
				CLANG_ANALYZER_NUMBER_OBJECT_CONVERSION = YES_AGGRESSIVE;
				CLANG_CXX_LANGUAGE_STANDARD = "gnu++14";
				CLANG_CXX_LIBRARY = "libc++";
				CLANG_ENABLE_MODULES = YES;
				CLANG_ENABLE_OBJC_ARC = YES;
				CLANG_ENABLE_OBJC_WEAK = YES;
				CLANG_WARN_BLOCK_CAPTURE_AUTORELEASING = YES;
				CLANG_WARN_BOOL_CONVERSION = YES;
				CLANG_WARN_COMMA = YES;
				CLANG_WARN_CONSTANT_CONVERSION = YES;
				CLANG_WARN_DEPRECATED_OBJC_IMPLEMENTATIONS = YES;
				CLANG_WARN_DIRECT_OBJC_ISA_USAGE = YES_ERROR;
				CLANG_WARN_DOCUMENTATION_COMMENTS = YES;
				CLANG_WARN_EMPTY_BODY = YES;
				CLANG_WARN_ENUM_CONVERSION = YES;
				CLANG_WARN_INFINITE_RECURSION = YES;
				CLANG_WARN_INT_CONVERSION = YES;
				CLANG_WARN_NON_LITERAL_NULL_CONVERSION = YES;
				CLANG_WARN_OBJC_IMPLICIT_RETAIN_SELF = YES;
				CLANG_WARN_OBJC_LITERAL_CONVERSION = YES;
				CLANG_WARN_OBJC_ROOT_CLASS = YES_ERROR;
				CLANG_WARN_RANGE_LOOP_ANALYSIS = YES;
				CLANG_WARN_STRICT_PROTOTYPES = YES;
				CLANG_WARN_SUSPICIOUS_MOVE = YES;
				CLANG_WARN_UNGUARDED_AVAILABILITY = YES_AGGRESSIVE;
				CLANG_WARN_UNREACHABLE_CODE = YES;
				CLANG_WARN__DUPLICATE_METHOD_MATCH = YES;
				CODE_SIGN_IDENTITY = "iPhone Developer";
				COPY_PHASE_STRIP = NO;
				DEBUG_INFORMATION_FORMAT = "dwarf-with-dsym";
				ENABLE_NS_ASSERTIONS = NO;
				ENABLE_STRICT_OBJC_MSGSEND = YES;
				GCC_C_LANGUAGE_STANDARD = gnu11;
				GCC_NO_COMMON_BLOCKS = YES;
				GCC_WARN_64_TO_32_BIT_CONVERSION = YES;
				GCC_WARN_ABOUT_RETURN_TYPE = YES_ERROR;
				GCC_WARN_UNDECLARED_SELECTOR = YES;
				GCC_WARN_UNINITIALIZED_AUTOS = YES_AGGRESSIVE;
				GCC_WARN_UNUSED_FUNCTION = YES;
				GCC_WARN_UNUSED_VARIABLE = YES;
				IPHONEOS_DEPLOYMENT_TARGET = 11.3;
				MTL_ENABLE_DEBUG_INFO = NO;
				SDKROOT = iphoneos;
				SWIFT_COMPILATION_MODE = wholemodule;
				SWIFT_OPTIMIZATION_LEVEL = "-O";
				VALIDATE_PRODUCT = YES;
			};
			name = Release;
		};
		FB6A226320BC44F800DD97FD /* Debug */ = {
			isa = XCBuildConfiguration;
			buildSettings = {
				ASSETCATALOG_COMPILER_APPICON_NAME = AppIcon;
				CODE_SIGN_STYLE = Automatic;
				INFOPLIST_FILE = Project2_HamHyeJin/Info.plist;
				LD_RUNPATH_SEARCH_PATHS = (
					"$(inherited)",
					"@executable_path/Frameworks",
				);
				PRODUCT_BUNDLE_IDENTIFIER = "swu.ac.kr.Project2-HamHyeJin";
				PRODUCT_NAME = "$(TARGET_NAME)";
				SWIFT_VERSION = 4.0;
				TARGETED_DEVICE_FAMILY = "1,2";
			};
			name = Debug;
		};
		FB6A226420BC44F800DD97FD /* Release */ = {
			isa = XCBuildConfiguration;
			buildSettings = {
				ASSETCATALOG_COMPILER_APPICON_NAME = AppIcon;
				CODE_SIGN_STYLE = Automatic;
				INFOPLIST_FILE = Project2_HamHyeJin/Info.plist;
				LD_RUNPATH_SEARCH_PATHS = (
					"$(inherited)",
					"@executable_path/Frameworks",
				);
				PRODUCT_BUNDLE_IDENTIFIER = "swu.ac.kr.Project2-HamHyeJin";
				PRODUCT_NAME = "$(TARGET_NAME)";
				SWIFT_VERSION = 4.0;
				TARGETED_DEVICE_FAMILY = "1,2";
			};
			name = Release;
		};
/* End XCBuildConfiguration section */

/* Begin XCConfigurationList section */
		FB6A224820BC44F700DD97FD /* Build configuration list for PBXProject "Project2_HamHyeJin" */ = {
			isa = XCConfigurationList;
			buildConfigurations = (
				FB6A226020BC44F800DD97FD /* Debug */,
				FB6A226120BC44F800DD97FD /* Release */,
			);
			defaultConfigurationIsVisible = 0;
			defaultConfigurationName = Release;
		};
		FB6A226220BC44F800DD97FD /* Build configuration list for PBXNativeTarget "Project2_HamHyeJin" */ = {
			isa = XCConfigurationList;
			buildConfigurations = (
				FB6A226320BC44F800DD97FD /* Debug */,
				FB6A226420BC44F800DD97FD /* Release */,
			);
			defaultConfigurationIsVisible = 0;
			defaultConfigurationName = Release;
		};
/* End XCConfigurationList section */

/* Begin XCVersionGroup section */
		FB6A225720BC44F700DD97FD /* Project2_HamHyeJin.xcdatamodeld */ = {
			isa = XCVersionGroup;
			children = (
				FB6A225820BC44F700DD97FD /* Project2_HamHyeJin.xcdatamodel */,
			);
			currentVersion = FB6A225820BC44F700DD97FD /* Project2_HamHyeJin.xcdatamodel */;
			path = Project2_HamHyeJin.xcdatamodeld;
			sourceTree = "<group>";
			versionGroupType = wrapper.xcdatamodel;
		};
/* End XCVersionGroup section */
	};
	rootObject = FB6A224520BC44F700DD97FD /* Project object */;
}
